
Microsoft Visual Studio Solution File, Format Version 12.00
# Visual Studio 15
Project("{FAE04EC0-301F-11D3-BF4B-00C04F79EFBC}") = "Assembly-CSharp", "Assembly-CSharp.csproj", "{AA23B406-D625-CF24-2852-9E94BA8D9D36}"
EndProject
Project("{FAE04EC0-301F-11D3-BF4B-00C04F79EFBC}") = "GoogleMobileAds", "GoogleMobileAds.csproj", "{9D8B8028-0B8B-CC5C-6D1C-FB826E3D0A14}"
EndProject
Project("{FAE04EC0-301F-11D3-BF4B-00C04F79EFBC}") = "GoogleMobileAds.Editor", "GoogleMobileAds.Editor.csproj", "{C8CAC693-AFA8-BE52-167F-9C8A262EC57A}"
EndProject
Project("{FAE04EC0-301F-11D3-BF4B-00C04F79EFBC}") = "Assembly-CSharp-Editor", "Assembly-CSharp-Editor.csproj", "{1FC6F58B-43C8-4B7C-BC36-08445E8CDFB1}"
EndProject
Global
	GlobalSection(SolutionConfigurationPlatforms) = preSolution
		Debug|Any CPU = Debug|Any CPU
		Release|Any CPU = Release|Any CPU
	EndGlobalSection
	GlobalSection(ProjectConfigurationPlatforms) = postSolution
		{AA23B406-D625-CF24-2852-9E94BA8D9D36}.Debug|Any CPU.ActiveCfg = Debug|Any CPU
		{AA23B406-D625-CF24-2852-9E94BA8D9D36}.Debug|Any CPU.Build.0 = Debug|Any CPU
		{AA23B406-D625-CF24-2852-9E94BA8D9D36}.Release|Any CPU.ActiveCfg = Release|Any CPU
		{AA23B406-D625-CF24-2852-9E94BA8D9D36}.Release|Any CPU.Build.0 = Release|Any CPU
		{9D8B8028-0B8B-CC5C-6D1C-FB826E3D0A14}.Debug|Any CPU.ActiveCfg = Debug|Any CPU
		{9D8B8028-0B8B-CC5C-6D1C-FB826E3D0A14}.Debug|Any CPU.Build.0 = Debug|Any CPU
		{9D8B8028-0B8B-CC5C-6D1C-FB826E3D0A14}.Release|Any CPU.ActiveCfg = Release|Any CPU
		{9D8B8028-0B8B-CC5C-6D1C-FB826E3D0A14}.Release|Any CPU.Build.0 = Release|Any CPU
		{C8CAC693-AFA8-BE52-167F-9C8A262EC57A}.Debug|Any CPU.ActiveCfg = Debug|Any CPU
		{C8CAC693-AFA8-BE52-167F-9C8A262EC57A}.Debug|Any CPU.Build.0 = Debug|Any CPU
		{C8CAC693-AFA8-BE52-167F-9C8A262EC57A}.Release|Any CPU.ActiveCfg = Release|Any CPU
		{C8CAC693-AFA8-BE52-167F-9C8A262EC57A}.Release|Any CPU.Build.0 = Release|Any CPU
		{1FC6F58B-43C8-4B7C-BC36-08445E8CDFB1}.Debug|Any CPU.ActiveCfg = Debug|Any CPU
		{1FC6F58B-43C8-4B7C-BC36-08445E8CDFB1}.Debug|Any CPU.Build.0 = Debug|Any CPU
		{1FC6F58B-43C8-4B7C-BC36-08445E8CDFB1}.Release|Any CPU.ActiveCfg = Release|Any CPU
		{1FC6F58B-43C8-4B7C-BC36-08445E8CDFB1}.Release|Any CPU.Build.0 = Release|Any CPU
	EndGlobalSection
	GlobalSection(SolutionProperties) = preSolution
		HideSolutionNode = FALSE
	EndGlobalSection
EndGlobal
